
Microsoft Visual Studio Solution File, Format Version 12.00
# Visual Studio Version 16
VisualStudioVersion = 16.0.34031.81
MinimumVisualStudioVersion = 10.0.40219.1
Project("{FAE04EC0-301F-11D3-BF4B-00C04F79EFBC}") = "GioHanglt", "GioHanglt\GioHanglt.csproj", "{1882AA98-FE3A-4DC9-B904-35D289E6CE41}"
EndProject
Global
	GlobalSection(SolutionConfigurationPlatforms) = preSolution
		Debug|Any CPU = Debug|Any CPU
		Release|Any CPU = Release|Any CPU
	EndGlobalSection
	GlobalSection(ProjectConfigurationPlatforms) = postSolution
		{1882AA98-FE3A-4DC9-B904-35D289E6CE41}.Debug|Any CPU.ActiveCfg = Debug|Any CPU
		{1882AA98-FE3A-4DC9-B904-35D289E6CE41}.Debug|Any CPU.Build.0 = Debug|Any CPU
		{1882AA98-FE3A-4DC9-B904-35D289E6CE41}.Release|Any CPU.ActiveCfg = Release|Any CPU
		{1882AA98-FE3A-4DC9-B904-35D289E6CE41}.Release|Any CPU.Build.0 = Release|Any CPU
	EndGlobalSection
	GlobalSection(SolutionProperties) = preSolution
		HideSolutionNode = FALSE
	EndGlobalSection
	GlobalSection(ExtensibilityGlobals) = postSolution
		SolutionGuid = {564D16F5-39E9-44E3-BC49-9041243977D0}
	EndGlobalSection
EndGlobal
